
Microsoft Visual Studio Solution File, Format Version 12.00
# Visual Studio Version 17
VisualStudioVersion = 17.4.33403.182
MinimumVisualStudioVersion = 10.0.40219.1
Project("{FAE04EC0-301F-11D3-BF4B-00C04F79EFBC}") = "Parcial_1", "Parcial_1\Parcial_1.csproj", "{6B4334EC-029E-494D-BADF-5E805D0C4E3E}"
EndProject
Global
	GlobalSection(SolutionConfigurationPlatforms) = preSolution
		Debug|Any CPU = Debug|Any CPU
		Release|Any CPU = Release|Any CPU
	EndGlobalSection
	GlobalSection(ProjectConfigurationPlatforms) = postSolution
		{6B4334EC-029E-494D-BADF-5E805D0C4E3E}.Debug|Any CPU.ActiveCfg = Debug|Any CPU
		{6B4334EC-029E-494D-BADF-5E805D0C4E3E}.Debug|Any CPU.Build.0 = Debug|Any CPU
		{6B4334EC-029E-494D-BADF-5E805D0C4E3E}.Release|Any CPU.ActiveCfg = Release|Any CPU
		{6B4334EC-029E-494D-BADF-5E805D0C4E3E}.Release|Any CPU.Build.0 = Release|Any CPU
	EndGlobalSection
	GlobalSection(SolutionProperties) = preSolution
		HideSolutionNode = FALSE
	EndGlobalSection
	GlobalSection(ExtensibilityGlobals) = postSolution
		SolutionGuid = {BA8DDB3B-6600-4BD3-979D-3ED7DBDB7244}
	EndGlobalSection
EndGlobal
